
Microsoft Visual Studio Solution File, Format Version 12.00
# Visual Studio 15
VisualStudioVersion = 15.0.28307.1169
MinimumVisualStudioVersion = 10.0.40219.1
Project("{FAE04EC0-301F-11D3-BF4B-00C04F79EFBC}") = "Dan_XLV_Mladjan_Mrksic", "Dan_XLV_Mladjan_Mrksic\Dan_XLV_Mladjan_Mrksic.csproj", "{6EADD29C-1684-4DD6-A2E0-12186380E497}"
EndProject
Global
	GlobalSection(SolutionConfigurationPlatforms) = preSolution
		Debug|Any CPU = Debug|Any CPU
		Release|Any CPU = Release|Any CPU
	EndGlobalSection
	GlobalSection(ProjectConfigurationPlatforms) = postSolution
		{6EADD29C-1684-4DD6-A2E0-12186380E497}.Debug|Any CPU.ActiveCfg = Debug|Any CPU
		{6EADD29C-1684-4DD6-A2E0-12186380E497}.Debug|Any CPU.Build.0 = Debug|Any CPU
		{6EADD29C-1684-4DD6-A2E0-12186380E497}.Release|Any CPU.ActiveCfg = Release|Any CPU
		{6EADD29C-1684-4DD6-A2E0-12186380E497}.Release|Any CPU.Build.0 = Release|Any CPU
	EndGlobalSection
	GlobalSection(SolutionProperties) = preSolution
		HideSolutionNode = FALSE
	EndGlobalSection
	GlobalSection(ExtensibilityGlobals) = postSolution
		SolutionGuid = {62BD96B3-7E91-40D7-B884-76F72CD44E45}
	EndGlobalSection
EndGlobal
